<Solution>
  <Folder Name="/API/">
    <Project Path="SGA_ITLA.WebApi/SGA_ITLA.WebApi.csproj" />
  </Folder>
  <Folder Name="/Application/">
    <Project Path="SGA_ITLA.Application/SGA_ITLA.Application.csproj" />
  </Folder>
  <Folder Name="/Core/">
    <Project Path="SGA_ITLA.Domain/SGA_ITLA.Domain.csproj" />
  </Folder>
  <Folder Name="/Infraestructure/">
    <Project Path="SGA_ITLA.Infraestructure/SGA_ITLA.Infraestructure.csproj" />
  </Folder>
</Solution>
